{
  "object": {
    "pins": [
      {
        "package": "BTree",
        "repositoryURL": "https://github.com/Bartlebys/BTree",
        "state": {
          "branch": null,
          "revision": "ade6ad222dd8265974edebfabac39a68c7a03852",
          "version": "4.1.1"
        }
      }
    ]
  },
  "version": 1
}
