// !$*UTF8*$!
{
	archiveVersion = 1;
	classes = {
	};
	objectVersion = 48;
	objects = {

/* Begin PBXBuildFile section */
		4D1F37321FDFE33000DA10AB /* FilePath.swift in Sources */ = {isa = PBXBuildFile; fileRef = 4D1F372F1FDFE33000DA10AB /* FilePath.swift */; };
		4D55FCA31FDAF7B1001D91CE /* BartlebysCoreiOS.h in Headers */ = {isa = PBXBuildFile; fileRef = 4D55FCA11FDAF7B1001D91CE /* BartlebysCoreiOS.h */; settings = {ATTRIBUTES = (Public, ); }; };
		4D55FCCB1FDAF7CB001D91CE /* Schemes.swift in Sources */ = {isa = PBXBuildFile; fileRef = 4D55FCAB1FDAF7CB001D91CE /* Schemes.swift */; };
		4D55FCCC1FDAF7CB001D91CE /* Collectible.swift in Sources */ = {isa = PBXBuildFile; fileRef = 4D55FCAC1FDAF7CB001D91CE /* Collectible.swift */; };
		4D55FCCD1FDAF7CB001D91CE /* Failure.swift in Sources */ = {isa = PBXBuildFile; fileRef = 4D55FCAD1FDAF7CB001D91CE /* Failure.swift */; };
		4D55FCCE1FDAF7CB001D91CE /* Utilities.swift in Sources */ = {isa = PBXBuildFile; fileRef = 4D55FCAE1FDAF7CB001D91CE /* Utilities.swift */; };
		4D55FCCF1FDAF7CB001D91CE /* CallOperation.swift in Sources */ = {isa = PBXBuildFile; fileRef = 4D55FCAF1FDAF7CB001D91CE /* CallOperation.swift */; };
		4D55FCD01FDAF7CB001D91CE /* Model+ProvisionChanges.swift in Sources */ = {isa = PBXBuildFile; fileRef = 4D55FCB01FDAF7CB001D91CE /* Model+ProvisionChanges.swift */; };
		4D55FCD21FDAF7CB001D91CE /* ManagedModel.swift in Sources */ = {isa = PBXBuildFile; fileRef = 4D55FCB21FDAF7CB001D91CE /* ManagedModel.swift */; };
		4D55FCD31FDAF7CB001D91CE /* Session.swift in Sources */ = {isa = PBXBuildFile; fileRef = 4D55FCB31FDAF7CB001D91CE /* Session.swift */; };
		4D55FCD41FDAF7CB001D91CE /* Tolerent.swift in Sources */ = {isa = PBXBuildFile; fileRef = 4D55FCB41FDAF7CB001D91CE /* Tolerent.swift */; };
		4D55FCD51FDAF7CB001D91CE /* Logger.swift in Sources */ = {isa = PBXBuildFile; fileRef = 4D55FCB51FDAF7CB001D91CE /* Logger.swift */; };
		4D55FCD61FDAF7CB001D91CE /* CollectionOf.swift in Sources */ = {isa = PBXBuildFile; fileRef = 4D55FCB61FDAF7CB001D91CE /* CollectionOf.swift */; };
		4D55FCD71FDAF7CB001D91CE /* JSON.swift in Sources */ = {isa = PBXBuildFile; fileRef = 4D55FCB71FDAF7CB001D91CE /* JSON.swift */; };
		4D55FCD81FDAF7CB001D91CE /* HTTPMethod.swift in Sources */ = {isa = PBXBuildFile; fileRef = 4D55FCB81FDAF7CB001D91CE /* HTTPMethod.swift */; };
		4D55FCD91FDAF7CB001D91CE /* Int+Padding.swift in Sources */ = {isa = PBXBuildFile; fileRef = 4D55FCB91FDAF7CB001D91CE /* Int+Padding.swift */; };
		4D55FCDA1FDAF7CB001D91CE /* ProvisionChanges.swift in Sources */ = {isa = PBXBuildFile; fileRef = 4D55FCBA1FDAF7CB001D91CE /* ProvisionChanges.swift */; };
		4D55FCDB1FDAF7CB001D91CE /* Model+DictionaryRepresentation.swift in Sources */ = {isa = PBXBuildFile; fileRef = 4D55FCBB1FDAF7CB001D91CE /* Model+DictionaryRepresentation.swift */; };
		4D55FCDC1FDAF7CB001D91CE /* DataResponse.swift in Sources */ = {isa = PBXBuildFile; fileRef = 4D55FCBC1FDAF7CB001D91CE /* DataResponse.swift */; };
		4D55FCDD1FDAF7CB001D91CE /* Globals.swift in Sources */ = {isa = PBXBuildFile; fileRef = 4D55FCBD1FDAF7CB001D91CE /* Globals.swift */; };
		4D55FCDE1FDAF7CB001D91CE /* VoidPayload.swift in Sources */ = {isa = PBXBuildFile; fileRef = 4D55FCBE1FDAF7CB001D91CE /* VoidPayload.swift */; };
		4D55FCDF1FDAF7CB001D91CE /* Model+Description.swift in Sources */ = {isa = PBXBuildFile; fileRef = 4D55FCBF1FDAF7CB001D91CE /* Model+Description.swift */; };
		4D55FCE01FDAF7CB001D91CE /* DataPoint.swift in Sources */ = {isa = PBXBuildFile; fileRef = 4D55FCC01FDAF7CB001D91CE /* DataPoint.swift */; };
		4D55FCE11FDAF7CB001D91CE /* UniversalType.swift in Sources */ = {isa = PBXBuildFile; fileRef = 4D55FCC11FDAF7CB001D91CE /* UniversalType.swift */; };
		4D55FCE21FDAF7CB001D91CE /* Payload.swift in Sources */ = {isa = PBXBuildFile; fileRef = 4D55FCC21FDAF7CB001D91CE /* Payload.swift */; };
		4D55FCE31FDAF7CB001D91CE /* Status.swift in Sources */ = {isa = PBXBuildFile; fileRef = 4D55FCC31FDAF7CB001D91CE /* Status.swift */; };
		4D55FCE61FDAF7CB001D91CE /* Object.swift in Sources */ = {isa = PBXBuildFile; fileRef = 4D55FCC61FDAF7CB001D91CE /* Object.swift */; };
		4D55FCE71FDAF7CB001D91CE /* Credentials.swift in Sources */ = {isa = PBXBuildFile; fileRef = 4D55FCC71FDAF7CB001D91CE /* Credentials.swift */; };
		4D55FCE81FDAF7CB001D91CE /* Model+Equatable.swift in Sources */ = {isa = PBXBuildFile; fileRef = 4D55FCC81FDAF7CB001D91CE /* Model+Equatable.swift */; };
		4D55FCE91FDAF7CB001D91CE /* HTTPOperation.swift in Sources */ = {isa = PBXBuildFile; fileRef = 4D55FCC91FDAF7CB001D91CE /* HTTPOperation.swift */; };
		4D55FCEA1FDAF7CB001D91CE /* SessionDelegate.swift in Sources */ = {isa = PBXBuildFile; fileRef = 4D55FCCA1FDAF7CB001D91CE /* SessionDelegate.swift */; };
		4D55FCF01FDAF812001D91CE /* Model.swift in Sources */ = {isa = PBXBuildFile; fileRef = 4D55FCEE1FDAF811001D91CE /* Model.swift */; };
		4D55FCF11FDAF812001D91CE /* Metrics.swift in Sources */ = {isa = PBXBuildFile; fileRef = 4D55FCEF1FDAF812001D91CE /* Metrics.swift */; };
		4D65E6761FDFFA4C00034787 /* HTTPResponse.swift in Sources */ = {isa = PBXBuildFile; fileRef = 4D65E6751FDFFA4C00034787 /* HTTPResponse.swift */; };
		4D65E6781FDFFA6C00034787 /* Download.swift in Sources */ = {isa = PBXBuildFile; fileRef = 4D65E6771FDFFA6C00034787 /* Download.swift */; };
		4D65E67A1FDFFA7B00034787 /* Upload.swift in Sources */ = {isa = PBXBuildFile; fileRef = 4D65E6791FDFFA7B00034787 /* Upload.swift */; };
		4D65E6A11FE0305000034787 /* Paths.swift in Sources */ = {isa = PBXBuildFile; fileRef = 4D65E6A01FE0304F00034787 /* Paths.swift */; };
		4D65E6A51FE04FFE00034787 /* DataPointTests.swift in Sources */ = {isa = PBXBuildFile; fileRef = 4D65E6A41FE04FFE00034787 /* DataPointTests.swift */; };
		4D8A0CA51FDFEE3D00AC6A21 /* BartlebyCoreTests.swift in Sources */ = {isa = PBXBuildFile; fileRef = 4D8A0CA31FDFEE3D00AC6A21 /* BartlebyCoreTests.swift */; };
		4D8A0CA61FDFEE3D00AC6A21 /* ObjectCollectionTests.swift in Sources */ = {isa = PBXBuildFile; fileRef = 4D8A0CA41FDFEE3D00AC6A21 /* ObjectCollectionTests.swift */; };
		4D8A0CAD1FDFF09B00AC6A21 /* Metrics+Tolerent.swift in Sources */ = {isa = PBXBuildFile; fileRef = 4D8A0CAC1FDFF09A00AC6A21 /* Metrics+Tolerent.swift */; };
		E516FE021FDDA9C2001AB6A5 /* JSONCoder.swift in Sources */ = {isa = PBXBuildFile; fileRef = E516FE011FDDA9C2001AB6A5 /* JSONCoder.swift */; };
		E51E0EF61FDD4C4400414D6C /* ConcreteCoder.swift in Sources */ = {isa = PBXBuildFile; fileRef = E51E0EF51FDD4C4400414D6C /* ConcreteCoder.swift */; };
		E51E0EFA1FDD6EC800414D6C /* Initializable.swift in Sources */ = {isa = PBXBuildFile; fileRef = E51E0EF91FDD6EC800414D6C /* Initializable.swift */; };
		E549A3F21FF13C5500178ECA /* FileStorage.swift in Sources */ = {isa = PBXBuildFile; fileRef = E549A3F01FF13C5400178ECA /* FileStorage.swift */; };
		E549A3F31FF13C5500178ECA /* FilePersistent.swift in Sources */ = {isa = PBXBuildFile; fileRef = E549A3F11FF13C5500178ECA /* FilePersistent.swift */; };
		E5A0E0381FDBEAB800FB4DE3 /* ConcreteDataPoint.swift in Sources */ = {isa = PBXBuildFile; fileRef = E5A0E0371FDBEAB800FB4DE3 /* ConcreteDataPoint.swift */; };
		E5ADBAFE1FF24B8F00B6AA28 /* StorageProgressDelegates.swift in Sources */ = {isa = PBXBuildFile; fileRef = E5ADBAFD1FF24B8F00B6AA28 /* StorageProgressDelegates.swift */; };
		E5BC2D101FF12E5700EC45F6 /* Storage.swift in Sources */ = {isa = PBXBuildFile; fileRef = E5BC2D0E1FF12E5700EC45F6 /* Storage.swift */; };
		E5BC2D111FF12E5700EC45F6 /* Operators.swift in Sources */ = {isa = PBXBuildFile; fileRef = E5BC2D0F1FF12E5700EC45F6 /* Operators.swift */; };
/* End PBXBuildFile section */

/* Begin PBXContainerItemProxy section */
		4D8A0C9A1FDFED2F00AC6A21 /* PBXContainerItemProxy */ = {
			isa = PBXContainerItemProxy;
			containerPortal = 4D55FC951FDAF7B1001D91CE /* Project object */;
			proxyType = 1;
			remoteGlobalIDString = 4D55FC9D1FDAF7B1001D91CE;
			remoteInfo = BartlebysCoreiOS;
		};
/* End PBXContainerItemProxy section */

/* Begin PBXFileReference section */
		4D1F372F1FDFE33000DA10AB /* FilePath.swift */ = {isa = PBXFileReference; fileEncoding = 4; lastKnownFileType = sourcecode.swift; path = FilePath.swift; sourceTree = "<group>"; };
		4D55FCA11FDAF7B1001D91CE /* BartlebysCoreiOS.h */ = {isa = PBXFileReference; lastKnownFileType = sourcecode.c.h; path = BartlebysCoreiOS.h; sourceTree = "<group>"; };
		4D55FCA21FDAF7B1001D91CE /* Info.plist */ = {isa = PBXFileReference; lastKnownFileType = text.plist.xml; path = Info.plist; sourceTree = "<group>"; };
		4D55FCAB1FDAF7CB001D91CE /* Schemes.swift */ = {isa = PBXFileReference; fileEncoding = 4; lastKnownFileType = sourcecode.swift; path = Schemes.swift; sourceTree = "<group>"; };
		4D55FCAC1FDAF7CB001D91CE /* Collectible.swift */ = {isa = PBXFileReference; fileEncoding = 4; lastKnownFileType = sourcecode.swift; path = Collectible.swift; sourceTree = "<group>"; };
		4D55FCAD1FDAF7CB001D91CE /* Failure.swift */ = {isa = PBXFileReference; fileEncoding = 4; lastKnownFileType = sourcecode.swift; path = Failure.swift; sourceTree = "<group>"; };
		4D55FCAE1FDAF7CB001D91CE /* Utilities.swift */ = {isa = PBXFileReference; fileEncoding = 4; lastKnownFileType = sourcecode.swift; path = Utilities.swift; sourceTree = "<group>"; };
		4D55FCAF1FDAF7CB001D91CE /* CallOperation.swift */ = {isa = PBXFileReference; fileEncoding = 4; lastKnownFileType = sourcecode.swift; path = CallOperation.swift; sourceTree = "<group>"; };
		4D55FCB01FDAF7CB001D91CE /* Model+ProvisionChanges.swift */ = {isa = PBXFileReference; fileEncoding = 4; lastKnownFileType = sourcecode.swift; path = "Model+ProvisionChanges.swift"; sourceTree = "<group>"; };
		4D55FCB21FDAF7CB001D91CE /* ManagedModel.swift */ = {isa = PBXFileReference; fileEncoding = 4; lastKnownFileType = sourcecode.swift; path = ManagedModel.swift; sourceTree = "<group>"; };
		4D55FCB31FDAF7CB001D91CE /* Session.swift */ = {isa = PBXFileReference; fileEncoding = 4; lastKnownFileType = sourcecode.swift; path = Session.swift; sourceTree = "<group>"; };
		4D55FCB41FDAF7CB001D91CE /* Tolerent.swift */ = {isa = PBXFileReference; fileEncoding = 4; lastKnownFileType = sourcecode.swift; path = Tolerent.swift; sourceTree = "<group>"; };
		4D55FCB51FDAF7CB001D91CE /* Logger.swift */ = {isa = PBXFileReference; fileEncoding = 4; lastKnownFileType = sourcecode.swift; path = Logger.swift; sourceTree = "<group>"; };
		4D55FCB61FDAF7CB001D91CE /* CollectionOf.swift */ = {isa = PBXFileReference; fileEncoding = 4; lastKnownFileType = sourcecode.swift; path = CollectionOf.swift; sourceTree = "<group>"; };
		4D55FCB71FDAF7CB001D91CE /* JSON.swift */ = {isa = PBXFileReference; fileEncoding = 4; lastKnownFileType = sourcecode.swift; path = JSON.swift; sourceTree = "<group>"; };
		4D55FCB81FDAF7CB001D91CE /* HTTPMethod.swift */ = {isa = PBXFileReference; fileEncoding = 4; lastKnownFileType = sourcecode.swift; path = HTTPMethod.swift; sourceTree = "<group>"; };
		4D55FCB91FDAF7CB001D91CE /* Int+Padding.swift */ = {isa = PBXFileReference; fileEncoding = 4; lastKnownFileType = sourcecode.swift; path = "Int+Padding.swift"; sourceTree = "<group>"; };
		4D55FCBA1FDAF7CB001D91CE /* ProvisionChanges.swift */ = {isa = PBXFileReference; fileEncoding = 4; lastKnownFileType = sourcecode.swift; path = ProvisionChanges.swift; sourceTree = "<group>"; };
		4D55FCBB1FDAF7CB001D91CE /* Model+DictionaryRepresentation.swift */ = {isa = PBXFileReference; fileEncoding = 4; lastKnownFileType = sourcecode.swift; path = "Model+DictionaryRepresentation.swift"; sourceTree = "<group>"; };
		4D55FCBC1FDAF7CB001D91CE /* DataResponse.swift */ = {isa = PBXFileReference; fileEncoding = 4; lastKnownFileType = sourcecode.swift; path = DataResponse.swift; sourceTree = "<group>"; };
		4D55FCBD1FDAF7CB001D91CE /* Globals.swift */ = {isa = PBXFileReference; fileEncoding = 4; lastKnownFileType = sourcecode.swift; path = Globals.swift; sourceTree = "<group>"; };
		4D55FCBE1FDAF7CB001D91CE /* VoidPayload.swift */ = {isa = PBXFileReference; fileEncoding = 4; lastKnownFileType = sourcecode.swift; path = VoidPayload.swift; sourceTree = "<group>"; };
		4D55FCBF1FDAF7CB001D91CE /* Model+Description.swift */ = {isa = PBXFileReference; fileEncoding = 4; lastKnownFileType = sourcecode.swift; path = "Model+Description.swift"; sourceTree = "<group>"; };
		4D55FCC01FDAF7CB001D91CE /* DataPoint.swift */ = {isa = PBXFileReference; fileEncoding = 4; lastKnownFileType = sourcecode.swift; path = DataPoint.swift; sourceTree = "<group>"; };
		4D55FCC11FDAF7CB001D91CE /* UniversalType.swift */ = {isa = PBXFileReference; fileEncoding = 4; lastKnownFileType = sourcecode.swift; path = UniversalType.swift; sourceTree = "<group>"; };
		4D55FCC21FDAF7CB001D91CE /* Payload.swift */ = {isa = PBXFileReference; fileEncoding = 4; lastKnownFileType = sourcecode.swift; path = Payload.swift; sourceTree = "<group>"; };
		4D55FCC31FDAF7CB001D91CE /* Status.swift */ = {isa = PBXFileReference; fileEncoding = 4; lastKnownFileType = sourcecode.swift; path = Status.swift; sourceTree = "<group>"; };
		4D55FCC61FDAF7CB001D91CE /* Object.swift */ = {isa = PBXFileReference; fileEncoding = 4; lastKnownFileType = sourcecode.swift; path = Object.swift; sourceTree = "<group>"; };
		4D55FCC71FDAF7CB001D91CE /* Credentials.swift */ = {isa = PBXFileReference; fileEncoding = 4; lastKnownFileType = sourcecode.swift; path = Credentials.swift; sourceTree = "<group>"; };
		4D55FCC81FDAF7CB001D91CE /* Model+Equatable.swift */ = {isa = PBXFileReference; fileEncoding = 4; lastKnownFileType = sourcecode.swift; path = "Model+Equatable.swift"; sourceTree = "<group>"; };
		4D55FCC91FDAF7CB001D91CE /* HTTPOperation.swift */ = {isa = PBXFileReference; fileEncoding = 4; lastKnownFileType = sourcecode.swift; path = HTTPOperation.swift; sourceTree = "<group>"; };
		4D55FCCA1FDAF7CB001D91CE /* SessionDelegate.swift */ = {isa = PBXFileReference; fileEncoding = 4; lastKnownFileType = sourcecode.swift; path = SessionDelegate.swift; sourceTree = "<group>"; };
		4D55FCEE1FDAF811001D91CE /* Model.swift */ = {isa = PBXFileReference; fileEncoding = 4; lastKnownFileType = sourcecode.swift; path = Model.swift; sourceTree = "<group>"; };
		4D55FCEF1FDAF812001D91CE /* Metrics.swift */ = {isa = PBXFileReference; fileEncoding = 4; lastKnownFileType = sourcecode.swift; path = Metrics.swift; sourceTree = "<group>"; };
		4D65E6561FDFF54300034787 /* BartlebysCoreiOS.framework */ = {isa = PBXFileReference; explicitFileType = wrapper.framework; includeInIndex = 0; path = BartlebysCoreiOS.framework; sourceTree = BUILT_PRODUCTS_DIR; };
		4D65E6571FDFF54300034787 /* BartlebysCoreiOSTests.xctest */ = {isa = PBXFileReference; explicitFileType = wrapper.cfbundle; includeInIndex = 0; path = BartlebysCoreiOSTests.xctest; sourceTree = BUILT_PRODUCTS_DIR; };
		4D65E6751FDFFA4C00034787 /* HTTPResponse.swift */ = {isa = PBXFileReference; fileEncoding = 4; lastKnownFileType = sourcecode.swift; path = HTTPResponse.swift; sourceTree = "<group>"; };
		4D65E6771FDFFA6C00034787 /* Download.swift */ = {isa = PBXFileReference; lastKnownFileType = sourcecode.swift; path = Download.swift; sourceTree = "<group>"; };
		4D65E6791FDFFA7B00034787 /* Upload.swift */ = {isa = PBXFileReference; lastKnownFileType = sourcecode.swift; path = Upload.swift; sourceTree = "<group>"; };
		4D65E6A01FE0304F00034787 /* Paths.swift */ = {isa = PBXFileReference; fileEncoding = 4; lastKnownFileType = sourcecode.swift; path = Paths.swift; sourceTree = "<group>"; };
		4D65E6A41FE04FFE00034787 /* DataPointTests.swift */ = {isa = PBXFileReference; fileEncoding = 4; lastKnownFileType = sourcecode.swift; name = DataPointTests.swift; path = ../../../Tests/BartlebyCoreTests/DataPointTests.swift; sourceTree = "<group>"; };
		4D8A0C991FDFED2F00AC6A21 /* Info.plist */ = {isa = PBXFileReference; lastKnownFileType = text.plist.xml; path = Info.plist; sourceTree = "<group>"; };
		4D8A0CA11FDFEE3B00AC6A21 /* BartlebysCoreiOSTests-Bridging-Header.h */ = {isa = PBXFileReference; lastKnownFileType = sourcecode.c.h; path = "BartlebysCoreiOSTests-Bridging-Header.h"; sourceTree = "<group>"; };
		4D8A0CA31FDFEE3D00AC6A21 /* BartlebyCoreTests.swift */ = {isa = PBXFileReference; fileEncoding = 4; lastKnownFileType = sourcecode.swift; name = BartlebyCoreTests.swift; path = ../../../Tests/BartlebyCoreTests/BartlebyCoreTests.swift; sourceTree = "<group>"; };
		4D8A0CA41FDFEE3D00AC6A21 /* ObjectCollectionTests.swift */ = {isa = PBXFileReference; fileEncoding = 4; lastKnownFileType = sourcecode.swift; name = ObjectCollectionTests.swift; path = ../../../Tests/BartlebyCoreTests/ObjectCollectionTests.swift; sourceTree = "<group>"; };
		4D8A0CAC1FDFF09A00AC6A21 /* Metrics+Tolerent.swift */ = {isa = PBXFileReference; fileEncoding = 4; lastKnownFileType = sourcecode.swift; path = "Metrics+Tolerent.swift"; sourceTree = "<group>"; };
		E516FE011FDDA9C2001AB6A5 /* JSONCoder.swift */ = {isa = PBXFileReference; fileEncoding = 4; lastKnownFileType = sourcecode.swift; path = JSONCoder.swift; sourceTree = "<group>"; };
		E51E0EF51FDD4C4400414D6C /* ConcreteCoder.swift */ = {isa = PBXFileReference; fileEncoding = 4; lastKnownFileType = sourcecode.swift; path = ConcreteCoder.swift; sourceTree = "<group>"; };
		E51E0EF91FDD6EC800414D6C /* Initializable.swift */ = {isa = PBXFileReference; fileEncoding = 4; lastKnownFileType = sourcecode.swift; path = Initializable.swift; sourceTree = "<group>"; };
		E549A3F01FF13C5400178ECA /* FileStorage.swift */ = {isa = PBXFileReference; fileEncoding = 4; lastKnownFileType = sourcecode.swift; path = FileStorage.swift; sourceTree = "<group>"; };
		E549A3F11FF13C5500178ECA /* FilePersistent.swift */ = {isa = PBXFileReference; fileEncoding = 4; lastKnownFileType = sourcecode.swift; path = FilePersistent.swift; sourceTree = "<group>"; };
		E5A0E0371FDBEAB800FB4DE3 /* ConcreteDataPoint.swift */ = {isa = PBXFileReference; lastKnownFileType = sourcecode.swift; path = ConcreteDataPoint.swift; sourceTree = "<group>"; };
		E5ADBAFD1FF24B8F00B6AA28 /* StorageProgressDelegates.swift */ = {isa = PBXFileReference; fileEncoding = 4; lastKnownFileType = sourcecode.swift; path = StorageProgressDelegates.swift; sourceTree = "<group>"; };
		E5BC2D0E1FF12E5700EC45F6 /* Storage.swift */ = {isa = PBXFileReference; fileEncoding = 4; lastKnownFileType = sourcecode.swift; path = Storage.swift; sourceTree = "<group>"; };
		E5BC2D0F1FF12E5700EC45F6 /* Operators.swift */ = {isa = PBXFileReference; fileEncoding = 4; lastKnownFileType = sourcecode.swift; path = Operators.swift; sourceTree = "<group>"; };
/* End PBXFileReference section */

/* Begin PBXFrameworksBuildPhase section */
		4D55FC9A1FDAF7B1001D91CE /* Frameworks */ = {
			isa = PBXFrameworksBuildPhase;
			buildActionMask = 2147483647;
			files = (
			);
			runOnlyForDeploymentPostprocessing = 0;
		};
		4D8A0C921FDFED2F00AC6A21 /* Frameworks */ = {
			isa = PBXFrameworksBuildPhase;
			buildActionMask = 2147483647;
			files = (
			);
			runOnlyForDeploymentPostprocessing = 0;
		};
/* End PBXFrameworksBuildPhase section */

/* Begin PBXGroup section */
		4D55FC941FDAF7B1001D91CE = {
			isa = PBXGroup;
			children = (
				4D55FCA91FDAF7CB001D91CE /* Sources */,
				4D55FCA01FDAF7B1001D91CE /* BartlebysCoreiOS */,
				4D8A0C961FDFED2F00AC6A21 /* BartlebysCoreiOSTests */,
				4D65E6561FDFF54300034787 /* BartlebysCoreiOS.framework */,
				4D65E6571FDFF54300034787 /* BartlebysCoreiOSTests.xctest */,
			);
			sourceTree = "<group>";
		};
		4D55FCA01FDAF7B1001D91CE /* BartlebysCoreiOS */ = {
			isa = PBXGroup;
			children = (
				4D55FCA11FDAF7B1001D91CE /* BartlebysCoreiOS.h */,
				4D55FCA21FDAF7B1001D91CE /* Info.plist */,
			);
			path = BartlebysCoreiOS;
			sourceTree = "<group>";
		};
		4D55FCA91FDAF7CB001D91CE /* Sources */ = {
			isa = PBXGroup;
			children = (
				4D55FCAA1FDAF7CB001D91CE /* BartlebyCore */,
			);
			name = Sources;
			path = ../../../BartlebysCore/Sources;
			sourceTree = "<group>";
		};
		4D55FCAA1FDAF7CB001D91CE /* BartlebyCore */ = {
			isa = PBXGroup;
			children = (
				4D55FCEC1FDAF7FF001D91CE /* generated */,
				4D55FCED1FDAF806001D91CE /* Protocols */,
				4D55FCAF1FDAF7CB001D91CE /* CallOperation.swift */,
				4D55FCC71FDAF7CB001D91CE /* Credentials.swift */,
				4D55FCC01FDAF7CB001D91CE /* DataPoint.swift */,
				4D55FCBC1FDAF7CB001D91CE /* DataResponse.swift */,
				4D65E6771FDFFA6C00034787 /* Download.swift */,
				4D55FCAD1FDAF7CB001D91CE /* Failure.swift */,
				4D1F372F1FDFE33000DA10AB /* FilePath.swift */,
				4D55FCBD1FDAF7CB001D91CE /* Globals.swift */,
				4D55FCB81FDAF7CB001D91CE /* HTTPMethod.swift */,
				4D65E6751FDFFA4C00034787 /* HTTPResponse.swift */,
				4D55FCB91FDAF7CB001D91CE /* Int+Padding.swift */,
				4D55FCB71FDAF7CB001D91CE /* JSON.swift */,
				E516FE011FDDA9C2001AB6A5 /* JSONCoder.swift */,
				4D55FCB51FDAF7CB001D91CE /* Logger.swift */,
				4D8A0CAC1FDFF09A00AC6A21 /* Metrics+Tolerent.swift */,
				4D55FCEE1FDAF811001D91CE /* Model.swift */,
				4D55FCBF1FDAF7CB001D91CE /* Model+Description.swift */,
				4D55FCBB1FDAF7CB001D91CE /* Model+DictionaryRepresentation.swift */,
				4D55FCC81FDAF7CB001D91CE /* Model+Equatable.swift */,
				4D55FCB01FDAF7CB001D91CE /* Model+ProvisionChanges.swift */,
				4D55FCC61FDAF7CB001D91CE /* Object.swift */,
				4D55FCB61FDAF7CB001D91CE /* CollectionOf.swift */,
				E5BC2D0F1FF12E5700EC45F6 /* Operators.swift */,
				4D65E6A01FE0304F00034787 /* Paths.swift */,
				4D55FCAB1FDAF7CB001D91CE /* Schemes.swift */,
				4D55FCB31FDAF7CB001D91CE /* Session.swift */,
				4D55FCC31FDAF7CB001D91CE /* Status.swift */,
				E5BC2D0E1FF12E5700EC45F6 /* Storage.swift */,
				E5ADBAFD1FF24B8F00B6AA28 /* StorageProgressDelegates.swift */,
				4D65E6791FDFFA7B00034787 /* Upload.swift */,
				4D55FCAE1FDAF7CB001D91CE /* Utilities.swift */,
				4D55FCBE1FDAF7CB001D91CE /* VoidPayload.swift */,
			);
			path = BartlebyCore;
			sourceTree = "<group>";
		};
		4D55FCEC1FDAF7FF001D91CE /* generated */ = {
			isa = PBXGroup;
			children = (
				4D55FCB21FDAF7CB001D91CE /* ManagedModel.swift */,
				4D55FCEF1FDAF812001D91CE /* Metrics.swift */,
			);
			name = generated;
			sourceTree = "<group>";
		};
		4D55FCED1FDAF806001D91CE /* Protocols */ = {
			isa = PBXGroup;
			children = (
				4D55FCAC1FDAF7CB001D91CE /* Collectible.swift */,
				E51E0EF51FDD4C4400414D6C /* ConcreteCoder.swift */,
				E5A0E0371FDBEAB800FB4DE3 /* ConcreteDataPoint.swift */,
				E549A3F11FF13C5500178ECA /* FilePersistent.swift */,
				E549A3F01FF13C5400178ECA /* FileStorage.swift */,
				4D55FCC91FDAF7CB001D91CE /* HTTPOperation.swift */,
				E51E0EF91FDD6EC800414D6C /* Initializable.swift */,
				4D55FCC21FDAF7CB001D91CE /* Payload.swift */,
				4D55FCBA1FDAF7CB001D91CE /* ProvisionChanges.swift */,
				4D55FCCA1FDAF7CB001D91CE /* SessionDelegate.swift */,
				4D55FCB41FDAF7CB001D91CE /* Tolerent.swift */,
				4D55FCC11FDAF7CB001D91CE /* UniversalType.swift */,
			);
			name = Protocols;
			sourceTree = "<group>";
		};
		4D8A0C961FDFED2F00AC6A21 /* BartlebysCoreiOSTests */ = {
			isa = PBXGroup;
			children = (
				4D65E6A41FE04FFE00034787 /* DataPointTests.swift */,
				4D8A0CA31FDFEE3D00AC6A21 /* BartlebyCoreTests.swift */,
				4D8A0CA41FDFEE3D00AC6A21 /* ObjectCollectionTests.swift */,
				4D8A0C991FDFED2F00AC6A21 /* Info.plist */,
				4D8A0CA11FDFEE3B00AC6A21 /* BartlebysCoreiOSTests-Bridging-Header.h */,
			);
			path = BartlebysCoreiOSTests;
			sourceTree = "<group>";
		};
/* End PBXGroup section */

/* Begin PBXHeadersBuildPhase section */
		4D55FC9B1FDAF7B1001D91CE /* Headers */ = {
			isa = PBXHeadersBuildPhase;
			buildActionMask = 2147483647;
			files = (
				4D55FCA31FDAF7B1001D91CE /* BartlebysCoreiOS.h in Headers */,
			);
			runOnlyForDeploymentPostprocessing = 0;
		};
/* End PBXHeadersBuildPhase section */

/* Begin PBXNativeTarget section */
		4D55FC9D1FDAF7B1001D91CE /* BartlebysCoreiOS */ = {
			isa = PBXNativeTarget;
			buildConfigurationList = 4D55FCA61FDAF7B1001D91CE /* Build configuration list for PBXNativeTarget "BartlebysCoreiOS" */;
			buildPhases = (
				4D55FC991FDAF7B1001D91CE /* Sources */,
				4D55FC9A1FDAF7B1001D91CE /* Frameworks */,
				4D55FC9B1FDAF7B1001D91CE /* Headers */,
				4D55FC9C1FDAF7B1001D91CE /* Resources */,
			);
			buildRules = (
			);
			dependencies = (
			);
			name = BartlebysCoreiOS;
			productName = BartlebysCoreiOS;
			productReference = 4D65E6561FDFF54300034787 /* BartlebysCoreiOS.framework */;
			productType = "com.apple.product-type.framework";
		};
		4D8A0C941FDFED2F00AC6A21 /* BartlebysCoreiOSTests */ = {
			isa = PBXNativeTarget;
			buildConfigurationList = 4D8A0C9C1FDFED2F00AC6A21 /* Build configuration list for PBXNativeTarget "BartlebysCoreiOSTests" */;
			buildPhases = (
				4D8A0C911FDFED2F00AC6A21 /* Sources */,
				4D8A0C921FDFED2F00AC6A21 /* Frameworks */,
				4D8A0C931FDFED2F00AC6A21 /* Resources */,
			);
			buildRules = (
			);
			dependencies = (
				4D8A0C9B1FDFED2F00AC6A21 /* PBXTargetDependency */,
			);
			name = BartlebysCoreiOSTests;
			productName = BartlebysCoreiOSTests;
			productReference = 4D65E6571FDFF54300034787 /* BartlebysCoreiOSTests.xctest */;
			productType = "com.apple.product-type.bundle.unit-test";
		};
/* End PBXNativeTarget section */

/* Begin PBXProject section */
		4D55FC951FDAF7B1001D91CE /* Project object */ = {
			isa = PBXProject;
			attributes = {
				LastSwiftUpdateCheck = 0920;
				LastUpgradeCheck = 0910;
				ORGANIZATIONNAME = Bartleby;
				TargetAttributes = {
					4D55FC9D1FDAF7B1001D91CE = {
						CreatedOnToolsVersion = 9.1;
						ProvisioningStyle = Automatic;
					};
					4D8A0C941FDFED2F00AC6A21 = {
						CreatedOnToolsVersion = 9.2;
						LastSwiftMigration = 0920;
						ProvisioningStyle = Automatic;
					};
				};
			};
			buildConfigurationList = 4D55FC981FDAF7B1001D91CE /* Build configuration list for PBXProject "BartlebysCoreiOS" */;
			compatibilityVersion = "Xcode 8.0";
			developmentRegion = en;
			hasScannedForEncodings = 0;
			knownRegions = (
				en,
			);
			mainGroup = 4D55FC941FDAF7B1001D91CE;
			productRefGroup = 4D55FC941FDAF7B1001D91CE;
			projectDirPath = "";
			projectRoot = "";
			targets = (
				4D55FC9D1FDAF7B1001D91CE /* BartlebysCoreiOS */,
				4D8A0C941FDFED2F00AC6A21 /* BartlebysCoreiOSTests */,
			);
		};
/* End PBXProject section */

/* Begin PBXResourcesBuildPhase section */
		4D55FC9C1FDAF7B1001D91CE /* Resources */ = {
			isa = PBXResourcesBuildPhase;
			buildActionMask = 2147483647;
			files = (
			);
			runOnlyForDeploymentPostprocessing = 0;
		};
		4D8A0C931FDFED2F00AC6A21 /* Resources */ = {
			isa = PBXResourcesBuildPhase;
			buildActionMask = 2147483647;
			files = (
			);
			runOnlyForDeploymentPostprocessing = 0;
		};
/* End PBXResourcesBuildPhase section */

/* Begin PBXSourcesBuildPhase section */
		4D55FC991FDAF7B1001D91CE /* Sources */ = {
			isa = PBXSourcesBuildPhase;
			buildActionMask = 2147483647;
			files = (
				4D65E67A1FDFFA7B00034787 /* Upload.swift in Sources */,
				E5BC2D101FF12E5700EC45F6 /* Storage.swift in Sources */,
				4D55FCD41FDAF7CB001D91CE /* Tolerent.swift in Sources */,
				4D55FCE31FDAF7CB001D91CE /* Status.swift in Sources */,
				4D55FCE71FDAF7CB001D91CE /* Credentials.swift in Sources */,
				4D1F37321FDFE33000DA10AB /* FilePath.swift in Sources */,
				4D55FCD71FDAF7CB001D91CE /* JSON.swift in Sources */,
				4D55FCD81FDAF7CB001D91CE /* HTTPMethod.swift in Sources */,
				E51E0EF61FDD4C4400414D6C /* ConcreteCoder.swift in Sources */,
				E51E0EFA1FDD6EC800414D6C /* Initializable.swift in Sources */,
				4D55FCDA1FDAF7CB001D91CE /* ProvisionChanges.swift in Sources */,
				E549A3F21FF13C5500178ECA /* FileStorage.swift in Sources */,
				4D55FCDF1FDAF7CB001D91CE /* Model+Description.swift in Sources */,
				4D55FCDC1FDAF7CB001D91CE /* DataResponse.swift in Sources */,
				4D65E6761FDFFA4C00034787 /* HTTPResponse.swift in Sources */,
				4D65E6781FDFFA6C00034787 /* Download.swift in Sources */,
				E549A3F31FF13C5500178ECA /* FilePersistent.swift in Sources */,
				E5ADBAFE1FF24B8F00B6AA28 /* StorageProgressDelegates.swift in Sources */,
				4D55FCD91FDAF7CB001D91CE /* Int+Padding.swift in Sources */,
				4D65E6A11FE0305000034787 /* Paths.swift in Sources */,
				4D55FCE81FDAF7CB001D91CE /* Model+Equatable.swift in Sources */,
				E516FE021FDDA9C2001AB6A5 /* JSONCoder.swift in Sources */,
				4D55FCDD1FDAF7CB001D91CE /* Globals.swift in Sources */,
				4D55FCE61FDAF7CB001D91CE /* Object.swift in Sources */,
				4D55FCD51FDAF7CB001D91CE /* Logger.swift in Sources */,
				E5A0E0381FDBEAB800FB4DE3 /* ConcreteDataPoint.swift in Sources */,
				4D55FCE91FDAF7CB001D91CE /* HTTPOperation.swift in Sources */,
				4D55FCEA1FDAF7CB001D91CE /* SessionDelegate.swift in Sources */,
				E5BC2D111FF12E5700EC45F6 /* Operators.swift in Sources */,
				4D55FCCC1FDAF7CB001D91CE /* Collectible.swift in Sources */,
				4D8A0CAD1FDFF09B00AC6A21 /* Metrics+Tolerent.swift in Sources */,
				4D55FCF01FDAF812001D91CE /* Model.swift in Sources */,
				4D55FCD61FDAF7CB001D91CE /* CollectionOf.swift in Sources */,
				4D55FCCF1FDAF7CB001D91CE /* CallOperation.swift in Sources */,
				4D55FCD21FDAF7CB001D91CE /* ManagedModel.swift in Sources */,
				4D55FCCD1FDAF7CB001D91CE /* Failure.swift in Sources */,
				4D55FCD01FDAF7CB001D91CE /* Model+ProvisionChanges.swift in Sources */,
				4D55FCE11FDAF7CB001D91CE /* UniversalType.swift in Sources */,
				4D55FCE01FDAF7CB001D91CE /* DataPoint.swift in Sources */,
				4D55FCE21FDAF7CB001D91CE /* Payload.swift in Sources */,
				4D55FCCE1FDAF7CB001D91CE /* Utilities.swift in Sources */,
				4D55FCDE1FDAF7CB001D91CE /* VoidPayload.swift in Sources */,
				4D55FCCB1FDAF7CB001D91CE /* Schemes.swift in Sources */,
				4D55FCD31FDAF7CB001D91CE /* Session.swift in Sources */,
				4D55FCDB1FDAF7CB001D91CE /* Model+DictionaryRepresentation.swift in Sources */,
				4D55FCF11FDAF812001D91CE /* Metrics.swift in Sources */,
			);
			runOnlyForDeploymentPostprocessing = 0;
		};
		4D8A0C911FDFED2F00AC6A21 /* Sources */ = {
			isa = PBXSourcesBuildPhase;
			buildActionMask = 2147483647;
			files = (
				4D65E6A51FE04FFE00034787 /* DataPointTests.swift in Sources */,
				4D8A0CA61FDFEE3D00AC6A21 /* ObjectCollectionTests.swift in Sources */,
				4D8A0CA51FDFEE3D00AC6A21 /* BartlebyCoreTests.swift in Sources */,
			);
			runOnlyForDeploymentPostprocessing = 0;
		};
/* End PBXSourcesBuildPhase section */

/* Begin PBXTargetDependency section */
		4D8A0C9B1FDFED2F00AC6A21 /* PBXTargetDependency */ = {
			isa = PBXTargetDependency;
			target = 4D55FC9D1FDAF7B1001D91CE /* BartlebysCoreiOS */;
			targetProxy = 4D8A0C9A1FDFED2F00AC6A21 /* PBXContainerItemProxy */;
		};
/* End PBXTargetDependency section */

/* Begin XCBuildConfiguration section */
		4D55FCA41FDAF7B1001D91CE /* Debug */ = {
			isa = XCBuildConfiguration;
			buildSettings = {
				ALWAYS_SEARCH_USER_PATHS = NO;
				CLANG_ANALYZER_NONNULL = YES;
				CLANG_ANALYZER_NUMBER_OBJECT_CONVERSION = YES_AGGRESSIVE;
				CLANG_CXX_LANGUAGE_STANDARD = "gnu++14";
				CLANG_CXX_LIBRARY = "libc++";
				CLANG_ENABLE_MODULES = YES;
				CLANG_ENABLE_OBJC_ARC = YES;
				CLANG_WARN_BLOCK_CAPTURE_AUTORELEASING = YES;
				CLANG_WARN_BOOL_CONVERSION = YES;
				CLANG_WARN_COMMA = YES;
				CLANG_WARN_CONSTANT_CONVERSION = YES;
				CLANG_WARN_DIRECT_OBJC_ISA_USAGE = YES_ERROR;
				CLANG_WARN_DOCUMENTATION_COMMENTS = YES;
				CLANG_WARN_EMPTY_BODY = YES;
				CLANG_WARN_ENUM_CONVERSION = YES;
				CLANG_WARN_INFINITE_RECURSION = YES;
				CLANG_WARN_INT_CONVERSION = YES;
				CLANG_WARN_NON_LITERAL_NULL_CONVERSION = YES;
				CLANG_WARN_OBJC_LITERAL_CONVERSION = YES;
				CLANG_WARN_OBJC_ROOT_CLASS = YES_ERROR;
				CLANG_WARN_RANGE_LOOP_ANALYSIS = YES;
				CLANG_WARN_STRICT_PROTOTYPES = YES;
				CLANG_WARN_SUSPICIOUS_MOVE = YES;
				CLANG_WARN_UNGUARDED_AVAILABILITY = YES_AGGRESSIVE;
				CLANG_WARN_UNREACHABLE_CODE = YES;
				CLANG_WARN__DUPLICATE_METHOD_MATCH = YES;
				CODE_SIGN_IDENTITY = "iPhone Developer";
				COPY_PHASE_STRIP = NO;
				CURRENT_PROJECT_VERSION = 1;
				DEBUG_INFORMATION_FORMAT = dwarf;
				ENABLE_STRICT_OBJC_MSGSEND = YES;
				ENABLE_TESTABILITY = YES;
				GCC_C_LANGUAGE_STANDARD = gnu11;
				GCC_DYNAMIC_NO_PIC = NO;
				GCC_NO_COMMON_BLOCKS = YES;
				GCC_OPTIMIZATION_LEVEL = 0;
				GCC_PREPROCESSOR_DEFINITIONS = (
					"DEBUG=1",
					"$(inherited)",
				);
				GCC_WARN_64_TO_32_BIT_CONVERSION = YES;
				GCC_WARN_ABOUT_RETURN_TYPE = YES_ERROR;
				GCC_WARN_UNDECLARED_SELECTOR = YES;
				GCC_WARN_UNINITIALIZED_AUTOS = YES_AGGRESSIVE;
				GCC_WARN_UNUSED_FUNCTION = YES;
				GCC_WARN_UNUSED_VARIABLE = YES;
				IPHONEOS_DEPLOYMENT_TARGET = 11.1;
				MTL_ENABLE_DEBUG_INFO = YES;
				ONLY_ACTIVE_ARCH = YES;
				SDKROOT = iphoneos;
				SWIFT_ACTIVE_COMPILATION_CONDITIONS = DEBUG;
				SWIFT_OPTIMIZATION_LEVEL = "-Onone";
				VERSIONING_SYSTEM = "apple-generic";
				VERSION_INFO_PREFIX = "";
			};
			name = Debug;
		};
		4D55FCA51FDAF7B1001D91CE /* Release */ = {
			isa = XCBuildConfiguration;
			buildSettings = {
				ALWAYS_SEARCH_USER_PATHS = NO;
				CLANG_ANALYZER_NONNULL = YES;
				CLANG_ANALYZER_NUMBER_OBJECT_CONVERSION = YES_AGGRESSIVE;
				CLANG_CXX_LANGUAGE_STANDARD = "gnu++14";
				CLANG_CXX_LIBRARY = "libc++";
				CLANG_ENABLE_MODULES = YES;
				CLANG_ENABLE_OBJC_ARC = YES;
				CLANG_WARN_BLOCK_CAPTURE_AUTORELEASING = YES;
				CLANG_WARN_BOOL_CONVERSION = YES;
				CLANG_WARN_COMMA = YES;
				CLANG_WARN_CONSTANT_CONVERSION = YES;
				CLANG_WARN_DIRECT_OBJC_ISA_USAGE = YES_ERROR;
				CLANG_WARN_DOCUMENTATION_COMMENTS = YES;
				CLANG_WARN_EMPTY_BODY = YES;
				CLANG_WARN_ENUM_CONVERSION = YES;
				CLANG_WARN_INFINITE_RECURSION = YES;
				CLANG_WARN_INT_CONVERSION = YES;
				CLANG_WARN_NON_LITERAL_NULL_CONVERSION = YES;
				CLANG_WARN_OBJC_LITERAL_CONVERSION = YES;
				CLANG_WARN_OBJC_ROOT_CLASS = YES_ERROR;
				CLANG_WARN_RANGE_LOOP_ANALYSIS = YES;
				CLANG_WARN_STRICT_PROTOTYPES = YES;
				CLANG_WARN_SUSPICIOUS_MOVE = YES;
				CLANG_WARN_UNGUARDED_AVAILABILITY = YES_AGGRESSIVE;
				CLANG_WARN_UNREACHABLE_CODE = YES;
				CLANG_WARN__DUPLICATE_METHOD_MATCH = YES;
				CODE_SIGN_IDENTITY = "iPhone Developer";
				COPY_PHASE_STRIP = NO;
				CURRENT_PROJECT_VERSION = 1;
				DEBUG_INFORMATION_FORMAT = "dwarf-with-dsym";
				ENABLE_NS_ASSERTIONS = NO;
				ENABLE_STRICT_OBJC_MSGSEND = YES;
				GCC_C_LANGUAGE_STANDARD = gnu11;
				GCC_NO_COMMON_BLOCKS = YES;
				GCC_WARN_64_TO_32_BIT_CONVERSION = YES;
				GCC_WARN_ABOUT_RETURN_TYPE = YES_ERROR;
				GCC_WARN_UNDECLARED_SELECTOR = YES;
				GCC_WARN_UNINITIALIZED_AUTOS = YES_AGGRESSIVE;
				GCC_WARN_UNUSED_FUNCTION = YES;
				GCC_WARN_UNUSED_VARIABLE = YES;
				IPHONEOS_DEPLOYMENT_TARGET = 11.1;
				MTL_ENABLE_DEBUG_INFO = NO;
				SDKROOT = iphoneos;
				SWIFT_OPTIMIZATION_LEVEL = "-Owholemodule";
				VALIDATE_PRODUCT = YES;
				VERSIONING_SYSTEM = "apple-generic";
				VERSION_INFO_PREFIX = "";
			};
			name = Release;
		};
		4D55FCA71FDAF7B1001D91CE /* Debug */ = {
			isa = XCBuildConfiguration;
			buildSettings = {
				CODE_SIGN_IDENTITY = "";
				CODE_SIGN_STYLE = Automatic;
				DEFINES_MODULE = YES;
				DEVELOPMENT_TEAM = STSVL75Z8B;
				DYLIB_COMPATIBILITY_VERSION = 1;
				DYLIB_CURRENT_VERSION = 1;
				DYLIB_INSTALL_NAME_BASE = "@rpath";
				INFOPLIST_FILE = BartlebysCoreiOS/Info.plist;
				INSTALL_PATH = "$(LOCAL_LIBRARY_DIR)/Frameworks";
				IPHONEOS_DEPLOYMENT_TARGET = 9.3;
				LD_RUNPATH_SEARCH_PATHS = "$(inherited) @executable_path/Frameworks @loader_path/Frameworks";
				PRODUCT_BUNDLE_IDENTIFIER = org.bartlebys.BartlebysCoreiOS;
				PRODUCT_NAME = "$(TARGET_NAME:c99extidentifier)";
				SKIP_INSTALL = YES;
				SWIFT_VERSION = 4.0;
				TARGETED_DEVICE_FAMILY = "1,2";
			};
			name = Debug;
		};
		4D55FCA81FDAF7B1001D91CE /* Release */ = {
			isa = XCBuildConfiguration;
			buildSettings = {
				CODE_SIGN_IDENTITY = "";
				CODE_SIGN_STYLE = Automatic;
				DEFINES_MODULE = YES;
				DEVELOPMENT_TEAM = STSVL75Z8B;
				DYLIB_COMPATIBILITY_VERSION = 1;
				DYLIB_CURRENT_VERSION = 1;
				DYLIB_INSTALL_NAME_BASE = "@rpath";
				INFOPLIST_FILE = BartlebysCoreiOS/Info.plist;
				INSTALL_PATH = "$(LOCAL_LIBRARY_DIR)/Frameworks";
				IPHONEOS_DEPLOYMENT_TARGET = 9.3;
				LD_RUNPATH_SEARCH_PATHS = "$(inherited) @executable_path/Frameworks @loader_path/Frameworks";
				PRODUCT_BUNDLE_IDENTIFIER = org.bartlebys.BartlebysCoreiOS;
				PRODUCT_NAME = "$(TARGET_NAME:c99extidentifier)";
				SKIP_INSTALL = YES;
				SWIFT_VERSION = 4.0;
				TARGETED_DEVICE_FAMILY = "1,2";
			};
			name = Release;
		};
		4D8A0C9D1FDFED2F00AC6A21 /* Debug */ = {
			isa = XCBuildConfiguration;
			buildSettings = {
				CLANG_ENABLE_MODULES = YES;
				CODE_SIGN_STYLE = Automatic;
				DEVELOPMENT_TEAM = STSVL75Z8B;
				INFOPLIST_FILE = BartlebysCoreiOSTests/Info.plist;
				IPHONEOS_DEPLOYMENT_TARGET = 11.2;
				LD_RUNPATH_SEARCH_PATHS = "$(inherited) @executable_path/Frameworks @loader_path/Frameworks";
				PRODUCT_BUNDLE_IDENTIFIER = org.bartlebys.BartlebysCoreiOSTests;
				PRODUCT_NAME = "$(TARGET_NAME)";
				SWIFT_OBJC_BRIDGING_HEADER = "BartlebysCoreiOSTests/BartlebysCoreiOSTests-Bridging-Header.h";
				SWIFT_OPTIMIZATION_LEVEL = "-Onone";
				SWIFT_VERSION = 4.0;
				TARGETED_DEVICE_FAMILY = "1,2";
			};
			name = Debug;
		};
		4D8A0C9E1FDFED2F00AC6A21 /* Release */ = {
			isa = XCBuildConfiguration;
			buildSettings = {
				CLANG_ENABLE_MODULES = YES;
				CODE_SIGN_STYLE = Automatic;
				DEVELOPMENT_TEAM = STSVL75Z8B;
				INFOPLIST_FILE = BartlebysCoreiOSTests/Info.plist;
				IPHONEOS_DEPLOYMENT_TARGET = 11.2;
				LD_RUNPATH_SEARCH_PATHS = "$(inherited) @executable_path/Frameworks @loader_path/Frameworks";
				PRODUCT_BUNDLE_IDENTIFIER = org.bartlebys.BartlebysCoreiOSTests;
				PRODUCT_NAME = "$(TARGET_NAME)";
				SWIFT_OBJC_BRIDGING_HEADER = "BartlebysCoreiOSTests/BartlebysCoreiOSTests-Bridging-Header.h";
				SWIFT_VERSION = 4.0;
				TARGETED_DEVICE_FAMILY = "1,2";
			};
			name = Release;
		};
/* End XCBuildConfiguration section */

/* Begin XCConfigurationList section */
		4D55FC981FDAF7B1001D91CE /* Build configuration list for PBXProject "BartlebysCoreiOS" */ = {
			isa = XCConfigurationList;
			buildConfigurations = (
				4D55FCA41FDAF7B1001D91CE /* Debug */,
				4D55FCA51FDAF7B1001D91CE /* Release */,
			);
			defaultConfigurationIsVisible = 0;
			defaultConfigurationName = Release;
		};
		4D55FCA61FDAF7B1001D91CE /* Build configuration list for PBXNativeTarget "BartlebysCoreiOS" */ = {
			isa = XCConfigurationList;
			buildConfigurations = (
				4D55FCA71FDAF7B1001D91CE /* Debug */,
				4D55FCA81FDAF7B1001D91CE /* Release */,
			);
			defaultConfigurationIsVisible = 0;
			defaultConfigurationName = Release;
		};
		4D8A0C9C1FDFED2F00AC6A21 /* Build configuration list for PBXNativeTarget "BartlebysCoreiOSTests" */ = {
			isa = XCConfigurationList;
			buildConfigurations = (
				4D8A0C9D1FDFED2F00AC6A21 /* Debug */,
				4D8A0C9E1FDFED2F00AC6A21 /* Release */,
			);
			defaultConfigurationIsVisible = 0;
			defaultConfigurationName = Release;
		};
/* End XCConfigurationList section */
	};
	rootObject = 4D55FC951FDAF7B1001D91CE /* Project object */;
}
