// !$*UTF8*$!
{
	archiveVersion = 1;
	classes = {
	};
	objectVersion = 48;
	objects = {

/* Begin PBXGroup section */
		E52226F71FF65DDC00DD855F = {
			isa = PBXGroup;
			children = (
			);
			sourceTree = "<group>";
		};
/* End PBXGroup section */

/* Begin PBXProject section */
		E52226F81FF65DDC00DD855F /* Project object */ = {
			isa = PBXProject;
			attributes = {
				LastUpgradeCheck = 0920;
			};
			buildConfigurationList = E52226FB1FF65DDC00DD855F /* Build configuration list for PBXProject "BartlebyKit" */;
			compatibilityVersion = "Xcode 8.0";
			developmentRegion = en;
			hasScannedForEncodings = 0;
			knownRegions = (
				en,
			);
			mainGroup = E52226F71FF65DDC00DD855F;
			projectDirPath = "";
			projectRoot = "";
			targets = (
			);
		};
/* End PBXProject section */

/* Begin XCBuildConfiguration section */
		E52226FC1FF65DDC00DD855F /* Debug */ = {
			isa = XCBuildConfiguration;
			buildSettings = {
			};
			name = Debug;
		};
		E52226FD1FF65DDC00DD855F /* Release */ = {
			isa = XCBuildConfiguration;
			buildSettings = {
			};
			name = Release;
		};
/* End XCBuildConfiguration section */

/* Begin XCConfigurationList section */
		E52226FB1FF65DDC00DD855F /* Build configuration list for PBXProject "BartlebyKit" */ = {
			isa = XCConfigurationList;
			buildConfigurations = (
				E52226FC1FF65DDC00DD855F /* Debug */,
				E52226FD1FF65DDC00DD855F /* Release */,
			);
			defaultConfigurationIsVisible = 0;
			defaultConfigurationName = Release;
		};
/* End XCConfigurationList section */
	};
	rootObject = E52226F81FF65DDC00DD855F /* Project object */;
}
